# THIS IS AN AUTOGENERATED FILE. DO NOT EDIT THIS FILE DIRECTLY.
# yarn lockfile v1


"@react-native-community/netinfo@^2.0.10":
  version "2.0.10"
  resolved "https://registry.yarnpkg.com/@react-native-community/netinfo/-/netinfo-2.0.10.tgz#d28a446352e75754b78509557988359133cdbcca"
  integrity sha512-NrIzyLe0eSbhgMnHl2QdSEhaA7yXh6p9jzMomfUa//hoTXE+xbObGDdiWWSQm2bnXnZJg8XCU3AB9qzvqcuLnA==

underscore@*:
  version "1.9.1"
  resolved "https://registry.yarnpkg.com/underscore/-/underscore-1.9.1.tgz#06dce34a0e68a7babc29b365b8e74b8925203961"
  integrity sha512-5/4etnCkd9c8gwgowi5/om/mYO5ajCaOgdzj/oW+0eQV9WxKBDZw5+ycmKmeaTXjInS/W0BzpGLo2xR2aBwZdg==
